
Microsoft Visual Studio Solution File, Format Version 12.00
# Visual Studio Version 17
VisualStudioVersion = 17.13.35931.197 d17.13
MinimumVisualStudioVersion = 10.0.40219.1
Project("{FAE04EC0-301F-11D3-BF4B-00C04F79EFBC}") = "ContaBancaria", "ContaBancaria\ContaBancaria.csproj", "{6BE6974D-EA12-4694-B5AC-AFCD81D9DC3C}"
EndProject
Global
	GlobalSection(SolutionConfigurationPlatforms) = preSolution
		Debug|Any CPU = Debug|Any CPU
		Release|Any CPU = Release|Any CPU
	EndGlobalSection
	GlobalSection(ProjectConfigurationPlatforms) = postSolution
		{6BE6974D-EA12-4694-B5AC-AFCD81D9DC3C}.Debug|Any CPU.ActiveCfg = Debug|Any CPU
		{6BE6974D-EA12-4694-B5AC-AFCD81D9DC3C}.Debug|Any CPU.Build.0 = Debug|Any CPU
		{6BE6974D-EA12-4694-B5AC-AFCD81D9DC3C}.Release|Any CPU.ActiveCfg = Release|Any CPU
		{6BE6974D-EA12-4694-B5AC-AFCD81D9DC3C}.Release|Any CPU.Build.0 = Release|Any CPU
	EndGlobalSection
	GlobalSection(SolutionProperties) = preSolution
		HideSolutionNode = FALSE
	EndGlobalSection
	GlobalSection(ExtensibilityGlobals) = postSolution
		SolutionGuid = {EAA1D5C3-C46A-417A-A2BD-86981A69F27D}
	EndGlobalSection
EndGlobal
